
Microsoft Visual Studio Solution File, Format Version 12.00
# Visual Studio Version 16
VisualStudioVersion = 16.0.28803.202
MinimumVisualStudioVersion = 10.0.40219.1
Project("{FAE04EC0-301F-11D3-BF4B-00C04F79EFBC}") = "Assignment3", "Assignment3\Assignment3.csproj", "{291897A2-B002-45E4-81CE-01A9FF7F36E0}"
EndProject
Global
	GlobalSection(SolutionConfigurationPlatforms) = preSolution
		Debug|Any CPU = Debug|Any CPU
		Release|Any CPU = Release|Any CPU
	EndGlobalSection
	GlobalSection(ProjectConfigurationPlatforms) = postSolution
		{291897A2-B002-45E4-81CE-01A9FF7F36E0}.Debug|Any CPU.ActiveCfg = Debug|Any CPU
		{291897A2-B002-45E4-81CE-01A9FF7F36E0}.Debug|Any CPU.Build.0 = Debug|Any CPU
		{291897A2-B002-45E4-81CE-01A9FF7F36E0}.Release|Any CPU.ActiveCfg = Release|Any CPU
		{291897A2-B002-45E4-81CE-01A9FF7F36E0}.Release|Any CPU.Build.0 = Release|Any CPU
	EndGlobalSection
	GlobalSection(SolutionProperties) = preSolution
		HideSolutionNode = FALSE
	EndGlobalSection
	GlobalSection(ExtensibilityGlobals) = postSolution
		SolutionGuid = {EF8CD0E9-2FC2-4654-AA99-4D100473B059}
	EndGlobalSection
EndGlobal
